
Microsoft Visual Studio Solution File, Format Version 12.00
Project("{FAE04EC0-301F-11D3-BF4B-00C04F79EFBC}") = "QuizGame", "QuizGame\QuizGame.csproj", "{1BEF1F21-509B-4C26-9BC0-63BFDA4810F2}"
EndProject
Project("{FAE04EC0-301F-11D3-BF4B-00C04F79EFBC}") = "QuizGame.Tests", "QuizGame.Tests\QuizGame.Tests.csproj", "{354ED6C0-99C1-4F61-B83A-4F920DC922E3}"
EndProject
Global
	GlobalSection(SolutionConfigurationPlatforms) = preSolution
		Debug|Any CPU = Debug|Any CPU
		Release|Any CPU = Release|Any CPU
	EndGlobalSection
	GlobalSection(ProjectConfigurationPlatforms) = postSolution
		{1BEF1F21-509B-4C26-9BC0-63BFDA4810F2}.Debug|Any CPU.ActiveCfg = Debug|Any CPU
		{1BEF1F21-509B-4C26-9BC0-63BFDA4810F2}.Debug|Any CPU.Build.0 = Debug|Any CPU
		{1BEF1F21-509B-4C26-9BC0-63BFDA4810F2}.Release|Any CPU.ActiveCfg = Release|Any CPU
		{1BEF1F21-509B-4C26-9BC0-63BFDA4810F2}.Release|Any CPU.Build.0 = Release|Any CPU
		{354ED6C0-99C1-4F61-B83A-4F920DC922E3}.Debug|Any CPU.ActiveCfg = Debug|Any CPU
		{354ED6C0-99C1-4F61-B83A-4F920DC922E3}.Debug|Any CPU.Build.0 = Debug|Any CPU
		{354ED6C0-99C1-4F61-B83A-4F920DC922E3}.Release|Any CPU.ActiveCfg = Release|Any CPU
		{354ED6C0-99C1-4F61-B83A-4F920DC922E3}.Release|Any CPU.Build.0 = Release|Any CPU
	EndGlobalSection
EndGlobal
