
Microsoft Visual Studio Solution File, Format Version 12.00
Project("{FAE04EC0-301F-11D3-BF4B-00C04F79EFBC}") = "QuizBackend", "QuizBackend\QuizBackend.csproj", "{B1017C59-C8EB-4F7F-8F02-5B9808FC664C}"
EndProject
Global
	GlobalSection(SolutionConfigurationPlatforms) = preSolution
		Debug|Any CPU = Debug|Any CPU
		Release|Any CPU = Release|Any CPU
	EndGlobalSection
	GlobalSection(ProjectConfigurationPlatforms) = postSolution
		{B1017C59-C8EB-4F7F-8F02-5B9808FC664C}.Debug|Any CPU.ActiveCfg = Debug|Any CPU
		{B1017C59-C8EB-4F7F-8F02-5B9808FC664C}.Debug|Any CPU.Build.0 = Debug|Any CPU
		{B1017C59-C8EB-4F7F-8F02-5B9808FC664C}.Release|Any CPU.ActiveCfg = Release|Any CPU
		{B1017C59-C8EB-4F7F-8F02-5B9808FC664C}.Release|Any CPU.Build.0 = Release|Any CPU
	EndGlobalSection
EndGlobal
